{
  "requires": true,
  "lockfileVersion": 1,
  "dependencies": {
    "jsmediatags": {
      "version": "3.8.1",
      "resolved": "https://registry.npmjs.org/jsmediatags/-/jsmediatags-3.8.1.tgz",
      "integrity": "sha512-ZI4P8J0gDiM9BgkTC0QbPARFkWaFscGAJKnpL/UK2Xeux026R5ytChvx4OJAn7kxoYFqpVUeSTEToBVe+K4yhQ==",
      "requires": {
        "xhr2": "^0.1.4"
      }
    },
    "xhr2": {
      "version": "0.1.4",
      "resolved": "https://registry.npmjs.org/xhr2/-/xhr2-0.1.4.tgz",
      "integrity": "sha1-f4dliEdxbbUCYyOBL4GMras4el8="
    }
  }
}
